
Microsoft Visual Studio Solution File, Format Version 12.00
# Visual Studio Version 17
VisualStudioVersion = 17.11.35312.102
MinimumVisualStudioVersion = 10.0.40219.1
Project("{FAE04EC0-301F-11D3-BF4B-00C04F79EFBC}") = "Application", "Application\Application.csproj", "{E1A64A12-DD43-4082-95E5-F285847C01E4}"
EndProject
Project("{FAE04EC0-301F-11D3-BF4B-00C04F79EFBC}") = "ApplicationInterface", "ApplicationInterface\ApplicationInterface.csproj", "{1B0C309A-469C-4626-A7CE-7463CBE96399}"
EndProject
Global
	GlobalSection(SolutionConfigurationPlatforms) = preSolution
		Debug|Any CPU = Debug|Any CPU
		Release|Any CPU = Release|Any CPU
	EndGlobalSection
	GlobalSection(ProjectConfigurationPlatforms) = postSolution
		{E1A64A12-DD43-4082-95E5-F285847C01E4}.Debug|Any CPU.ActiveCfg = Debug|Any CPU
		{E1A64A12-DD43-4082-95E5-F285847C01E4}.Debug|Any CPU.Build.0 = Debug|Any CPU
		{E1A64A12-DD43-4082-95E5-F285847C01E4}.Release|Any CPU.ActiveCfg = Release|Any CPU
		{E1A64A12-DD43-4082-95E5-F285847C01E4}.Release|Any CPU.Build.0 = Release|Any CPU
		{1B0C309A-469C-4626-A7CE-7463CBE96399}.Debug|Any CPU.ActiveCfg = Debug|Any CPU
		{1B0C309A-469C-4626-A7CE-7463CBE96399}.Debug|Any CPU.Build.0 = Debug|Any CPU
		{1B0C309A-469C-4626-A7CE-7463CBE96399}.Release|Any CPU.ActiveCfg = Release|Any CPU
		{1B0C309A-469C-4626-A7CE-7463CBE96399}.Release|Any CPU.Build.0 = Release|Any CPU
	EndGlobalSection
	GlobalSection(SolutionProperties) = preSolution
		HideSolutionNode = FALSE
	EndGlobalSection
	GlobalSection(ExtensibilityGlobals) = postSolution
		SolutionGuid = {35D1FE99-3E9A-428A-9075-DCED513958B0}
	EndGlobalSection
EndGlobal
